PODS:
  - Action (3.6.0):
    - RxCocoa (~> 4.2.0)
    - RxSwift (~> 4.2.0)
  - Alamofire (4.7.2)
  - AppRouter (4.1.2):
    - AppRouter/Core (= 4.1.2)
  - AppRouter/Core (4.1.2)
  - AppRouter/RxSwift (4.1.2):
    - RxSwift (~> 4.0)
  - CocoaLumberjack/Default (3.4.2)
  - CocoaLumberjack/Swift (3.4.2):
    - CocoaLumberjack/Default
  - Crashlytics (3.10.2):
    - Fabric (~> 1.7.7)
  - DTCollectionViewManager (6.3.0):
    - DTModelStorage (~> 7.1.0)
  - DTModelStorage (7.1.0):
    - DTModelStorage/Core (= 7.1.0)
  - DTModelStorage/Core (7.1.0)
  - DTTableViewManager (6.3.0):
    - DTModelStorage (~> 7.1.0)
  - Fabric (1.7.7)
  - LoadableViews (2.3.0)
  - Nimble (7.1.2)
  - Permission/Core (2.1.0)
  - Permission/Notifications (2.1.0):
    - Permission/Core
  - Result (4.0.0)
  - ReusableView (1.2.1):
    - RxSwift (~> 4.0)
  - RxBlocking (4.2.0):
    - RxSwift (~> 4.0)
  - RxCocoa (4.2.0):
    - RxSwift (~> 4.0)
  - RxKeyboard (0.8.3):
    - RxCocoa (>= 4.1.0)
    - RxSwift (>= 4.1.0)
  - RxOptional (3.4.0):
    - RxCocoa (~> 4.0)
    - RxSwift (~> 4.0)
  - RxSwift (4.2.0)
  - RxTest (4.2.0):
    - RxSwift (~> 4.0)
  - Sourcery (0.13.1)
  - SwiftGen (5.3.0)
  - SwiftLint (0.25.1)
  - SwiftyJSON (4.1.0)
  - TRON (4.2.1):
    - Alamofire (~> 4.5)
    - TRON/SwiftyJSON (= 4.2.1)
  - TRON/Core (4.2.1):
    - Alamofire (~> 4.5)
  - TRON/SwiftyJSON (4.2.1):
    - Alamofire (~> 4.5)
    - SwiftyJSON (~> 4.0)
    - TRON/Core

DEPENDENCIES:
  - Action
  - AppRouter
  - AppRouter/RxSwift
  - CocoaLumberjack/Swift
  - Crashlytics
  - DTCollectionViewManager
  - DTTableViewManager
  - Fabric
  - LoadableViews
  - Nimble
  - Permission/Notifications (from `https://github.com/rsaarloos/Permission.git`, branch `swift-4.0`)
  - Result
  - ReusableView
  - RxBlocking
  - RxCocoa (~> 4.1)
  - RxKeyboard
  - RxOptional
  - RxSwift (~> 4.1)
  - RxTest
  - Sourcery
  - SwiftGen
  - SwiftLint
  - SwiftyJSON
  - TRON

SPEC REPOS:
  https://github.com/cocoapods/specs.git:
    - Action
    - Alamofire
    - AppRouter
    - CocoaLumberjack
    - Crashlytics
    - DTCollectionViewManager
    - DTModelStorage
    - DTTableViewManager
    - Fabric
    - LoadableViews
    - Nimble
    - Result
    - ReusableView
    - RxBlocking
    - RxCocoa
    - RxKeyboard
    - RxOptional
    - RxSwift
    - RxTest
    - Sourcery
    - SwiftGen
    - SwiftLint
    - SwiftyJSON
    - TRON

EXTERNAL SOURCES:
  Permission:
    :branch: swift-4.0
    :git: https://github.com/rsaarloos/Permission.git

CHECKOUT OPTIONS:
  Permission:
    :commit: 254d30801da0f044ede6ecd338471a7cd542f33d
    :git: https://github.com/rsaarloos/Permission.git

SPEC CHECKSUMS:
  Action: 3d9486d3da02b572b0a034b6c49ac4c3fbcc8b63
  Alamofire: e4fa87002c137ba2d8d634d2c51fabcda0d5c223
  AppRouter: 0ae5dd1e0d37d538891a3298ca267144fcdc0341
  CocoaLumberjack: db7cc9e464771f12054c22ff6947c5a58d43a0fd
  Crashlytics: 0360624eea1c978a743feddb2fb1ef8b37fb7a0d
  DTCollectionViewManager: 8249ec84d8dbf4fa3fd49975bd60e826322ba6ed
  DTModelStorage: aaaf3eac97693c25fef63ea741aa9c75274a778b
  DTTableViewManager: ee2e2cfefb08e9723172b623b0bb85e2ea9bdab1
  Fabric: bda89e242bce1b7b8ab264248cf3407774ce0095
  LoadableViews: 9d90b433e84e00482cf8d39d77a1e7bdc606c363
  Nimble: 3835ba9f459daa6b347f8a8e110aaae8ca1920a8
  Permission: 5607a52326ce8ebcc6d8b3670068b04114521708
  Result: 7645bb3f50c2ce726dd0ff2fa7b6f42bbe6c3713
  ReusableView: d675d46f55347c59941d2cb873acada71edf70b5
  RxBlocking: e339d8a6e752e25ade95ff858466c55436668f59
  RxCocoa: 0b54909c902e1e581212a03e690bbd94032d8baa
  RxKeyboard: e5efbaa109c35be909dd888e53de0f0efdf5169e
  RxOptional: fabc37fc8e3cf4c336ebaeb5c92b576c64b2e6c5
  RxSwift: 99e10317ddfcc7fbe01356aafd118fde4a0be104
  RxTest: 8da864c0ee47534f586ff18fb0c7e5b2f1fe5023
  Sourcery: 9ef51b8777516f204d82996441f293813158d0d7
  SwiftGen: 4379bd3640b0a212a0f6ea3c494adba385513d10
  SwiftLint: ce933681be10c3266e82576dad676fa815a602e9
  SwiftyJSON: c29297daf073d2aa016295d5809cdd68045c39b3
  TRON: eb0f572d97dd51ec309a27bc785ec82148500512

PODFILE CHECKSUM: a42aaeef75eb9020194c469a43908243aa91a9e0

COCOAPODS: 1.5.3
