PODS:
  - Action (3.8.0):
    - RxCocoa (~> 4.3.0)
    - RxSwift (~> 4.3.0)
  - Alamofire (4.7.3)
  - AppRouter (4.1.2):
    - AppRouter/Core (= 4.1.2)
  - AppRouter/Core (4.1.2)
  - AppRouter/RxSwift (4.1.2):
    - RxSwift (~> 4.0)
  - CocoaLumberjack/Default (3.4.2)
  - CocoaLumberjack/Swift (3.4.2):
    - CocoaLumberjack/Default
  - Crashlytics (3.10.9):
    - Fabric (~> 1.7.13)
  - Dip (7.0.0)
  - DTCollectionViewManager (6.4.0):
    - DTModelStorage (~> 7.2.0)
  - DTModelStorage (7.2.0):
    - DTModelStorage/Core (= 7.2.0)
  - DTModelStorage/Core (7.2.0)
  - DTTableViewManager (6.4.0):
    - DTModelStorage (~> 7.2.0)
  - Fabric (1.7.13)
  - Flurry-iOS-SDK/FlurrySDK (9.2.1)
  - Kingfisher (4.10.0)
  - LoadableViews (3.1.0)
  - Motion (1.4.3):
    - Motion/Core (= 1.4.3)
  - Motion/Core (1.4.3)
  - Nimble (7.3.1)
  - NVActivityIndicatorView (4.4.0):
    - NVActivityIndicatorView/Presenter (= 4.4.0)
  - NVActivityIndicatorView/Presenter (4.4.0)
  - Quick (1.3.2)
  - ReachabilitySwift (4.3.0)
  - Result (4.0.0)
  - ReusableView (1.2.1):
    - RxSwift (~> 4.0)
  - RxBlocking (4.3.1):
    - RxSwift (~> 4.0)
  - RxCocoa (4.3.1):
    - RxSwift (~> 4.0)
  - RxKeyboard (0.9.0):
    - RxCocoa (>= 4.3.1)
    - RxSwift (>= 4.3.1)
  - RxKingfisher (0.2.0):
    - Kingfisher (~> 4)
    - RxCocoa (~> 4)
    - RxSwift (~> 4)
  - RxMapKit (1.2.0):
    - RxCocoa (~> 4.2)
    - RxSwift (~> 4.2)
  - RxOptional (3.5.0):
    - RxCocoa (~> 4.0)
    - RxSwift (~> 4.0)
  - RxSwift (4.3.1)
  - RxTest (4.3.1):
    - RxSwift (~> 4.0)
  - RxViewController (0.3.0):
    - RxCocoa (>= 4.0.0)
    - RxSwift (>= 4.0.0)
  - SnapKit (4.0.1)
  - Sourcery (0.15.0)
  - Starscream (3.0.6)
  - SwiftGen (5.3.0)
  - SwiftLint (0.27.0)
  - SwiftyJSON (4.1.0)
  - TRON (4.2.1):
    - Alamofire (~> 4.5)
    - TRON/SwiftyJSON (= 4.2.1)
  - TRON/Core (4.2.1):
    - Alamofire (~> 4.5)
  - TRON/SwiftyJSON (4.2.1):
    - Alamofire (~> 4.5)
    - SwiftyJSON (~> 4.0)
    - TRON/Core

DEPENDENCIES:
  - Action (~> 3.8)
  - AppRouter (~> 4.1.2)
  - AppRouter/RxSwift (~> 4.1.2)
  - CocoaLumberjack/Swift (~> 3.4.2)
  - Crashlytics
  - Dip (~> 7.0)
  - DTCollectionViewManager (~> 6.4)
  - DTTableViewManager (~> 6.4.0)
  - Fabric
  - Flurry-iOS-SDK/FlurrySDK (~> 9.2.1)
  - Kingfisher (~> 4.0)
  - LoadableViews (~> 3.1)
  - Motion (~> 1.4.3)
  - Nimble (~> 7.3.1)
  - NVActivityIndicatorView (~> 4.4)
  - Quick (~> 1.3.2)
  - ReachabilitySwift (~> 4.3)
  - Result (~> 4.0.0)
  - ReusableView (~> 1.2.1)
  - RxBlocking (~> 4.3.1)
  - RxCocoa (~> 4.1)
  - RxKeyboard (~> 0.9)
  - RxKingfisher (~> 0.2)
  - RxMapKit (~> 1.2)
  - RxOptional (~> 3.5)
  - RxSwift (~> 4.1)
  - RxTest (~> 4.3.1)
  - RxViewController (~> 0.3)
  - SnapKit (~> 4.0.0)
  - Sourcery (~> 0.15)
  - Starscream (~> 3.0.6)
  - SwiftGen (~> 5.3)
  - SwiftLint (~> 0.27)
  - SwiftyJSON (~> 4.1.0)
  - TRON (~> 4.2.1)

SPEC REPOS:
  https://github.com/cocoapods/specs.git:
    - Action
    - Alamofire
    - AppRouter
    - CocoaLumberjack
    - Crashlytics
    - Dip
    - DTCollectionViewManager
    - DTModelStorage
    - DTTableViewManager
    - Fabric
    - Flurry-iOS-SDK
    - Kingfisher
    - LoadableViews
    - Motion
    - Nimble
    - NVActivityIndicatorView
    - Quick
    - ReachabilitySwift
    - Result
    - ReusableView
    - RxBlocking
    - RxCocoa
    - RxKeyboard
    - RxKingfisher
    - RxMapKit
    - RxOptional
    - RxSwift
    - RxTest
    - RxViewController
    - SnapKit
    - Sourcery
    - Starscream
    - SwiftGen
    - SwiftLint
    - SwiftyJSON
    - TRON

SPEC CHECKSUMS:
  Action: 2275d04a407ecaf46a58d58a304388a28155a0a1
  Alamofire: c7287b6e5d7da964a70935e5db17046b7fde6568
  AppRouter: 0ae5dd1e0d37d538891a3298ca267144fcdc0341
  CocoaLumberjack: db7cc9e464771f12054c22ff6947c5a58d43a0fd
  Crashlytics: 55e24fc23989680285a21cb1146578d9d18e432c
  Dip: 996ce76ec9170ca3c260683d2815596dd2bf99c6
  DTCollectionViewManager: cb133f8dc00ea93d26d624d0f65a90c984a9cf9b
  DTModelStorage: e60e61ceb4a55b156aedafc20bce740bd8c02274
  DTTableViewManager: 08ea8335c0769c91bf2ffd0e843346b894d41e27
  Fabric: 25d0963b691fc97be566392243ff0ecef5a68338
  Flurry-iOS-SDK: 263ba205f67b47f96fb2e64cdb56f51d58b65c4e
  Kingfisher: 43c4b802d8b5256cf1f4379e9cd10b329be6d3e2
  LoadableViews: bee7250fadcc102138c1fe4310e93e7b17d46f65
  Motion: 153ba49692997888556c7a95207278a8b1f8be95
  Nimble: 04f732da099ea4d153122aec8c2a88fd0c7219ae
  NVActivityIndicatorView: ec7440a57af2450319d3a4181cca7da6fc127064
  Quick: 2623cb30d7a7f41ca62f684f679586558f483d46
  ReachabilitySwift: 408477d1b6ed9779dba301953171e017c31241f3
  Result: 7645bb3f50c2ce726dd0ff2fa7b6f42bbe6c3713
  ReusableView: d675d46f55347c59941d2cb873acada71edf70b5
  RxBlocking: 64c051285261ca2339481e91b5f70eb06b03660a
  RxCocoa: 78763c7b07d02455598d9fc3c1ad091a28b73635
  RxKeyboard: 4f782303f499f41577b41c96c6a9a5d7acd51a47
  RxKingfisher: d3cd6dbd4e79b74a232e6de0d2014c976cc980fe
  RxMapKit: 5c8cc66f231fc8b75a2e58eb37f6c6420787585b
  RxOptional: bd32ff8ca9df4177683d56ffeb618a9d4d5d5cad
  RxSwift: fe0fd770a43acdb7d0a53da411c9b892e69bb6e4
  RxTest: ea97a208826906f3904c0debdd09575ebcbfe216
  RxViewController: 203510707e73dd95f147f0c387710e3ec80d2b0f
  SnapKit: 0de968a9fec17499afa29683b05d0c775b6d1c29
  Sourcery: 5895672cae353cdbfa95f3f4aaeb75a664d76f6a
  Starscream: ef3ece99d765eeccb67de105bfa143f929026cf5
  SwiftGen: 4379bd3640b0a212a0f6ea3c494adba385513d10
  SwiftLint: 3207c1faa2240bf8973b191820a116113cd11073
  SwiftyJSON: c29297daf073d2aa016295d5809cdd68045c39b3
  TRON: eb0f572d97dd51ec309a27bc785ec82148500512

PODFILE CHECKSUM: 2986c305e97bb7524d38603d2891becfb1198d80

COCOAPODS: 1.5.3
